
Microsoft Visual Studio Solution File, Format Version 12.00
# Visual Studio 15
VisualStudioVersion = 15.0.28307.1259
MinimumVisualStudioVersion = 10.0.40219.1
Project("{FAE04EC0-301F-11D3-BF4B-00C04F79EFBC}") = "CAPIDemo", "capidemo\CAPIDemo.csproj", "{EF18B089-BDA0-4179-9778-A86A6C3002A0}"
EndProject
Project("{FAE04EC0-301F-11D3-BF4B-00C04F79EFBC}") = "CAPI", "CAPI\CAPI.csproj", "{465C72D9-F10B-4CC6-A5DC-16ED65881655}"
EndProject
Project("{FAE04EC0-301F-11D3-BF4B-00C04F79EFBC}") = "BaseUtils", "BaseUtilities\BaseUtilities\BaseUtils.csproj", "{86FA5950-1F64-4C1E-820D-18D412CB89F2}"
EndProject
Global
	GlobalSection(SolutionConfigurationPlatforms) = preSolution
		Debug|Any CPU = Debug|Any CPU
		Release|Any CPU = Release|Any CPU
	EndGlobalSection
	GlobalSection(ProjectConfigurationPlatforms) = postSolution
		{EF18B089-BDA0-4179-9778-A86A6C3002A0}.Debug|Any CPU.ActiveCfg = Debug|Any CPU
		{EF18B089-BDA0-4179-9778-A86A6C3002A0}.Debug|Any CPU.Build.0 = Debug|Any CPU
		{EF18B089-BDA0-4179-9778-A86A6C3002A0}.Release|Any CPU.ActiveCfg = Release|Any CPU
		{EF18B089-BDA0-4179-9778-A86A6C3002A0}.Release|Any CPU.Build.0 = Release|Any CPU
		{465C72D9-F10B-4CC6-A5DC-16ED65881655}.Debug|Any CPU.ActiveCfg = Debug|Any CPU
		{465C72D9-F10B-4CC6-A5DC-16ED65881655}.Debug|Any CPU.Build.0 = Debug|Any CPU
		{465C72D9-F10B-4CC6-A5DC-16ED65881655}.Release|Any CPU.ActiveCfg = Release|Any CPU
		{465C72D9-F10B-4CC6-A5DC-16ED65881655}.Release|Any CPU.Build.0 = Release|Any CPU
		{86FA5950-1F64-4C1E-820D-18D412CB89F2}.Debug|Any CPU.ActiveCfg = Debug|Any CPU
		{86FA5950-1F64-4C1E-820D-18D412CB89F2}.Debug|Any CPU.Build.0 = Debug|Any CPU
		{86FA5950-1F64-4C1E-820D-18D412CB89F2}.Release|Any CPU.ActiveCfg = Release|Any CPU
		{86FA5950-1F64-4C1E-820D-18D412CB89F2}.Release|Any CPU.Build.0 = Release|Any CPU
	EndGlobalSection
	GlobalSection(SolutionProperties) = preSolution
		HideSolutionNode = FALSE
	EndGlobalSection
	GlobalSection(ExtensibilityGlobals) = postSolution
		SolutionGuid = {0DDAD3C9-9314-4D49-BF98-5C6AF44F2E43}
	EndGlobalSection
EndGlobal
